// !$*UTF8*$!
{
	archiveVersion = 1;
	classes = {
	};
	objectVersion = 60;
	objects = {

/* Begin PBXBuildFile section */
		100000000000000000000001 /* DrivePulseApp.swift in Sources */ = {isa = PBXBuildFile; fileRef = 200000000000000000000001 /* DrivePulseApp.swift */; };
		100000000000000000000002 /* DrivePulseAppController.swift in Sources */ = {isa = PBXBuildFile; fileRef = 200000000000000000000002 /* DrivePulseAppController.swift */; };
		100000000000000000000003 /* DrivePulseAppState.swift in Sources */ = {isa = PBXBuildFile; fileRef = 200000000000000000000003 /* DrivePulseAppState.swift */; };
		100000000000000000000004 /* MenuBarRootView.swift in Sources */ = {isa = PBXBuildFile; fileRef = 200000000000000000000004 /* MenuBarRootView.swift */; };
		100000000000000000000005 /* DevicePickerView.swift in Sources */ = {isa = PBXBuildFile; fileRef = 200000000000000000000005 /* DevicePickerView.swift */; };
		100000000000000000000006 /* OverviewCardView.swift in Sources */ = {isa = PBXBuildFile; fileRef = 200000000000000000000006 /* OverviewCardView.swift */; };
		100000000000000000000007 /* ThroughputCardView.swift in Sources */ = {isa = PBXBuildFile; fileRef = 200000000000000000000007 /* ThroughputCardView.swift */; };
		100000000000000000000008 /* VolumesSectionView.swift in Sources */ = {isa = PBXBuildFile; fileRef = 200000000000000000000008 /* VolumesSectionView.swift */; };
		100000000000000000000009 /* DetailsSectionView.swift in Sources */ = {isa = PBXBuildFile; fileRef = 200000000000000000000009 /* DetailsSectionView.swift */; };
		10000000000000000000000A /* ActionBarView.swift in Sources */ = {isa = PBXBuildFile; fileRef = 20000000000000000000000A /* ActionBarView.swift */; };
		10000000000000000000000B /* DrivePulseAppStateTests.swift in Sources */ = {isa = PBXBuildFile; fileRef = 20000000000000000000000B /* DrivePulseAppStateTests.swift */; };
		10000000000000000000000C /* DrivePulseCore in Frameworks */ = {isa = PBXBuildFile; productRef = 500000000000000000000001 /* DrivePulseCore */; };
		10000000000000000000000D /* DrivePulseCore in Frameworks */ = {isa = PBXBuildFile; productRef = 500000000000000000000002 /* DrivePulseCore */; };
		10000000000000000000000E /* Task6SettingsAndActionsTests.swift in Sources */ = {isa = PBXBuildFile; fileRef = 200000000000000000000011 /* Task6SettingsAndActionsTests.swift */; };
		10000000000000000000000F /* SystemActions.swift in Sources */ = {isa = PBXBuildFile; fileRef = 200000000000000000000012 /* SystemActions.swift */; };
		100000000000000000000010 /* LaunchAtLoginController.swift in Sources */ = {isa = PBXBuildFile; fileRef = 200000000000000000000013 /* LaunchAtLoginController.swift */; };
		100000000000000000000011 /* SettingsView.swift in Sources */ = {isa = PBXBuildFile; fileRef = 200000000000000000000014 /* SettingsView.swift */; };
		100000000000000000000012 /* Localizable.xcstrings in Resources */ = {isa = PBXBuildFile; fileRef = 200000000000000000000015 /* Localizable.xcstrings */; };
		100000000000000000000013 /* DrivePulseAppControllerTests.swift in Sources */ = {isa = PBXBuildFile; fileRef = 200000000000000000000016 /* DrivePulseAppControllerTests.swift */; };
		100000000000000000000014 /* ExternalDeviceDiscoveryMapperTests.swift in Sources */ = {isa = PBXBuildFile; fileRef = 200000000000000000000017 /* ExternalDeviceDiscoveryMapperTests.swift */; };
		100000000000000000000015 /* ExternalDeviceDiscovery.swift in Sources */ = {isa = PBXBuildFile; fileRef = 200000000000000000000018 /* ExternalDeviceDiscovery.swift */; };
		100000000000000000000016 /* SMARTServiceClient.swift in Sources */ = {isa = PBXBuildFile; fileRef = 200000000000000000000019 /* SMARTServiceClient.swift */; };
		100000000000000000000017 /* DrivePulseXPCContracts.swift in Sources */ = {isa = PBXBuildFile; fileRef = 20000000000000000000001A /* DrivePulseXPCContracts.swift */; };
		100000000000000000000018 /* DrivePulseXPCMessages.swift in Sources */ = {isa = PBXBuildFile; fileRef = 20000000000000000000001B /* DrivePulseXPCMessages.swift */; };
		100000000000000000000019 /* DrivePulseSMARTServiceMain.swift in Sources */ = {isa = PBXBuildFile; fileRef = 20000000000000000000001D /* DrivePulseSMARTServiceMain.swift */; };
		10000000000000000000001A /* HelperVersionHandshake.swift in Sources */ = {isa = PBXBuildFile; fileRef = 20000000000000000000001E /* HelperVersionHandshake.swift */; };
		10000000000000000000001B /* DrivePulseXPCContracts.swift in Sources */ = {isa = PBXBuildFile; fileRef = 20000000000000000000001A /* DrivePulseXPCContracts.swift */; };
		10000000000000000000001C /* DrivePulseXPCMessages.swift in Sources */ = {isa = PBXBuildFile; fileRef = 20000000000000000000001B /* DrivePulseXPCMessages.swift */; };
		10000000000000000000001D /* SMARTServiceClientTests.swift in Sources */ = {isa = PBXBuildFile; fileRef = 20000000000000000000001F /* SMARTServiceClientTests.swift */; };
		10000000000000000000001E /* com.drivepulse.smartservice in Embed Helper */ = {isa = PBXBuildFile; fileRef = 20000000000000000000001C /* com.drivepulse.smartservice */; settings = {ATTRIBUTES = (CodeSignOnCopy, ); }; };
		100000000000000000000022 /* Task7HelperPackagingTests.swift in Sources */ = {isa = PBXBuildFile; fileRef = 200000000000000000000022 /* Task7HelperPackagingTests.swift */; };
		100000000000000000000023 /* DrivePulseSMARTXPCDelegate.swift in Sources */ = {isa = PBXBuildFile; fileRef = 200000000000000000000024 /* DrivePulseSMARTXPCDelegate.swift */; };
		100000000000000000000024 /* DrivePulseSMARTService.swift in Sources */ = {isa = PBXBuildFile; fileRef = 200000000000000000000025 /* DrivePulseSMARTService.swift */; };
		100000000000000000000025 /* SmartctlRunner.swift in Sources */ = {isa = PBXBuildFile; fileRef = 200000000000000000000026 /* SmartctlRunner.swift */; };
		100000000000000000000026 /* TransportHintResolver.swift in Sources */ = {isa = PBXBuildFile; fileRef = 200000000000000000000027 /* TransportHintResolver.swift */; };
		100000000000000000000027 /* DrivePulseCore in Frameworks */ = {isa = PBXBuildFile; productRef = 500000000000000000000004 /* DrivePulseCore */; };
		100000000000000000000028 /* HelperInstaller.swift in Sources */ = {isa = PBXBuildFile; fileRef = 200000000000000000000028 /* HelperInstaller.swift */; };
		100000000000000000000029 /* PanelSection.swift in Sources */ = {isa = PBXBuildFile; fileRef = 200000000000000000000029 /* PanelSection.swift */; };
		10000000000000000000002A /* IOKitDiskSampler.swift in Sources */ = {isa = PBXBuildFile; fileRef = 20000000000000000000002A /* IOKitDiskSampler.swift */; };
		10000000000000000000002B /* ThroughputChartModelTests.swift in Sources */ = {isa = PBXBuildFile; fileRef = 20000000000000000000002B /* ThroughputChartModelTests.swift */; };
		10000000000000000000002C /* SystemProfilerProvider.swift in Sources */ = {isa = PBXBuildFile; fileRef = 20000000000000000000002C /* SystemProfilerProvider.swift */; };
		10000000000000000000002D /* DiskUtilAPFSProvider.swift in Sources */ = {isa = PBXBuildFile; fileRef = 20000000000000000000002D /* DiskUtilAPFSProvider.swift */; };
		10000000000000000000002E /* VolumeCapacityRefresher.swift in Sources */ = {isa = PBXBuildFile; fileRef = 20000000000000000000002E /* VolumeCapacityRefresher.swift */; };
		100000000000000000000030 /* VolumesPartitionsCardView.swift in Sources */ = {isa = PBXBuildFile; fileRef = 200000000000000000000030 /* VolumesPartitionsCardView.swift */; };
		100000000000000000000031 /* ConnectionNVMeCardView.swift in Sources */ = {isa = PBXBuildFile; fileRef = 200000000000000000000031 /* ConnectionNVMeCardView.swift */; };
		100000000000000000000032 /* DeviceIdentityCardView.swift in Sources */ = {isa = PBXBuildFile; fileRef = 200000000000000000000032 /* DeviceIdentityCardView.swift */; };
		100000000000000000000033 /* HealthSMARTCardView.swift in Sources */ = {isa = PBXBuildFile; fileRef = 200000000000000000000033 /* HealthSMARTCardView.swift */; };
		100000000000000000000034 /* TemperatureCardView.swift in Sources */ = {isa = PBXBuildFile; fileRef = 200000000000000000000034 /* TemperatureCardView.swift */; };
		100000000000000000000035 /* DeviceIdentityCardViewTests.swift in Sources */ = {isa = PBXBuildFile; fileRef = 200000000000000000000035 /* DeviceIdentityCardViewTests.swift */; };
		100000000000000000000036 /* PanelPlaceholderTests.swift in Sources */ = {isa = PBXBuildFile; fileRef = 200000000000000000000036 /* PanelPlaceholderTests.swift */; };
		100000000000000000000037 /* StorageLocationsTests.swift in Sources */ = {isa = PBXBuildFile; fileRef = 200000000000000000000037 /* StorageLocationsTests.swift */; };
		100000000000000000000038 /* StorageLocations.swift in Sources */ = {isa = PBXBuildFile; fileRef = 200000000000000000000038 /* StorageLocations.swift */; };
		100000000000000000000039 /* PrivacyInfo.xcprivacy in Resources */ = {isa = PBXBuildFile; fileRef = 200000000000000000000039 /* PrivacyInfo.xcprivacy */; };
		10000000000000000000003A /* OverviewCardViewTests.swift in Sources */ = {isa = PBXBuildFile; fileRef = 20000000000000000000003A /* OverviewCardViewTests.swift */; };
		10000000000000000000003B /* Assets.xcassets in Resources */ = {isa = PBXBuildFile; fileRef = 20000000000000000000003B /* Assets.xcassets */; };
		10000000000000000000003C /* SettingsWindowActivator.swift in Sources */ = {isa = PBXBuildFile; fileRef = 20000000000000000000003C /* SettingsWindowActivator.swift */; };
		10000000000000000000003D /* EjectModelsTests.swift in Sources */ = {isa = PBXBuildFile; fileRef = 20000000000000000000003D /* EjectModelsTests.swift */; };
		10000000000000000000003E /* EjectModels.swift in Sources */ = {isa = PBXBuildFile; fileRef = 20000000000000000000003E /* EjectModels.swift */; };
		10000000000000000000003F /* EjectTargetResolverTests.swift in Sources */ = {isa = PBXBuildFile; fileRef = 20000000000000000000003F /* EjectTargetResolverTests.swift */; };
		100000000000000000000040 /* EjectTargetResolver.swift in Sources */ = {isa = PBXBuildFile; fileRef = 200000000000000000000040 /* EjectTargetResolver.swift */; };
		100000000000000000000041 /* DiskArbitrationErrorClassifierTests.swift in Sources */ = {isa = PBXBuildFile; fileRef = 200000000000000000000041 /* DiskArbitrationErrorClassifierTests.swift */; };
		100000000000000000000042 /* DiskArbitrationErrorClassifier.swift in Sources */ = {isa = PBXBuildFile; fileRef = 200000000000000000000042 /* DiskArbitrationErrorClassifier.swift */; };
		100000000000000000000045 /* DiskArbitrationEjectClientTests.swift in Sources */ = {isa = PBXBuildFile; fileRef = 200000000000000000000044 /* DiskArbitrationEjectClientTests.swift */; };
		100000000000000000000046 /* DiskArbitrationEjectClient.swift in Sources */ = {isa = PBXBuildFile; fileRef = 200000000000000000000045 /* DiskArbitrationEjectClient.swift */; };
		100000000000000000000047 /* DeviceIOQuiescer.swift in Sources */ = {isa = PBXBuildFile; fileRef = 200000000000000000000046 /* DeviceIOQuiescer.swift */; };
		100000000000000000000048 /* DeviceIOQuiescerTests.swift in Sources */ = {isa = PBXBuildFile; fileRef = 200000000000000000000047 /* DeviceIOQuiescerTests.swift */; };
		100000000000000000000043 /* unix-ebusy-status.json in Resources */ = {isa = PBXBuildFile; fileRef = 200000000000000000000043 /* unix-ebusy-status.json */; };
		100000000000000000000049 /* AppOccupancyScannerTests.swift in Sources */ = {isa = PBXBuildFile; fileRef = 200000000000000000000048 /* AppOccupancyScannerTests.swift */; };
		10000000000000000000004D /* OccupancyXPCMessageTests.swift in Sources */ = {isa = PBXBuildFile; fileRef = 20000000000000000000004C /* OccupancyXPCMessageTests.swift */; };
		10000000000000000000004A /* process-fd-snapshot.json in Resources */ = {isa = PBXBuildFile; fileRef = 200000000000000000000049 /* process-fd-snapshot.json */; };
		10000000000000000000004B /* AppOccupancyScanner.swift in Sources */ = {isa = PBXBuildFile; fileRef = 20000000000000000000004A /* AppOccupancyScanner.swift */; };
		10000000000000000000004C /* libproc.tbd in Frameworks */ = {isa = PBXBuildFile; fileRef = 20000000000000000000004B /* libproc.tbd */; };
		100000000000000000000050 /* HelperOccupancyRequestValidator.swift in Sources */ = {isa = PBXBuildFile; fileRef = 200000000000000000000050 /* HelperOccupancyRequestValidator.swift */; };
		100000000000000000000051 /* HelperDiskTopologyResolver.swift in Sources */ = {isa = PBXBuildFile; fileRef = 200000000000000000000051 /* HelperDiskTopologyResolver.swift */; };
		100000000000000000000052 /* HelperOccupancyScanner.swift in Sources */ = {isa = PBXBuildFile; fileRef = 200000000000000000000052 /* HelperOccupancyScanner.swift */; };
		100000000000000000000053 /* HelperOccupancySecurityTests.swift in Sources */ = {isa = PBXBuildFile; fileRef = 200000000000000000000053 /* HelperOccupancySecurityTests.swift */; };
		100000000000000000000054 /* HelperOccupancyRequestValidator.swift in Sources */ = {isa = PBXBuildFile; fileRef = 200000000000000000000050 /* HelperOccupancyRequestValidator.swift */; };
		100000000000000000000055 /* HelperDiskTopologyResolver.swift in Sources */ = {isa = PBXBuildFile; fileRef = 200000000000000000000051 /* HelperDiskTopologyResolver.swift */; };
		100000000000000000000056 /* HelperOccupancyScanner.swift in Sources */ = {isa = PBXBuildFile; fileRef = 200000000000000000000052 /* HelperOccupancyScanner.swift */; };
		100000000000000000000057 /* DrivePulseXPCMessages.swift in Sources */ = {isa = PBXBuildFile; fileRef = 20000000000000000000001B /* DrivePulseXPCMessages.swift */; };
		100000000000000000000058 /* DrivePulseXPCContracts.swift in Sources */ = {isa = PBXBuildFile; fileRef = 20000000000000000000001A /* DrivePulseXPCContracts.swift */; };
		100000000000000000000059 /* libproc.tbd in Frameworks */ = {isa = PBXBuildFile; fileRef = 20000000000000000000004B /* libproc.tbd */; };
		10000000000000000000005A /* libproc.tbd in Frameworks */ = {isa = PBXBuildFile; fileRef = 20000000000000000000004B /* libproc.tbd */; };
		10000000000000000000005B /* HelperOccupancyEndpoint.swift in Sources */ = {isa = PBXBuildFile; fileRef = 200000000000000000000055 /* HelperOccupancyEndpoint.swift */; };
		10000000000000000000005C /* HelperOccupancyEndpoint.swift in Sources */ = {isa = PBXBuildFile; fileRef = 200000000000000000000055 /* HelperOccupancyEndpoint.swift */; };
		10000000000000000000005D /* HelperTopologyCommandRunner.swift in Sources */ = {isa = PBXBuildFile; fileRef = 200000000000000000000056 /* HelperTopologyCommandRunner.swift */; };
		10000000000000000000005E /* HelperTopologyCommandRunner.swift in Sources */ = {isa = PBXBuildFile; fileRef = 200000000000000000000056 /* HelperTopologyCommandRunner.swift */; };
		10000000000000000000005F /* HelperAuthoritativeSnapshot.swift in Sources */ = {isa = PBXBuildFile; fileRef = 200000000000000000000057 /* HelperAuthoritativeSnapshot.swift */; };
		100000000000000000000060 /* HelperAuthoritativeSnapshot.swift in Sources */ = {isa = PBXBuildFile; fileRef = 200000000000000000000057 /* HelperAuthoritativeSnapshot.swift */; };
		100000000000000000000061 /* OccupancyScannerTests.swift in Sources */ = {isa = PBXBuildFile; fileRef = 200000000000000000000058 /* OccupancyScannerTests.swift */; };
		100000000000000000000062 /* OccupancyScanner.swift in Sources */ = {isa = PBXBuildFile; fileRef = 200000000000000000000059 /* OccupancyScanner.swift */; };
		100000000000000000000063 /* EjectCoordinatorTests.swift in Sources */ = {isa = PBXBuildFile; fileRef = 20000000000000000000005A /* EjectCoordinatorTests.swift */; };
		100000000000000000000064 /* EjectCoordinator.swift in Sources */ = {isa = PBXBuildFile; fileRef = 20000000000000000000005B /* EjectCoordinator.swift */; };
		E268DE9D187C136F974A3F7E /* MenuBarExtraAccess in Frameworks */ = {isa = PBXBuildFile; productRef = 322662F17F85D329F8C03472 /* MenuBarExtraAccess */; };
/* End PBXBuildFile section */

/* Begin PBXContainerItemProxy section */
		100000000000000000000020 /* PBXContainerItemProxy */ = {
			isa = PBXContainerItemProxy;
			containerPortal = 300000000000000000000001 /* Project object */;
			proxyType = 1;
			remoteGlobalIDString = 400000000000000000000001;
			remoteInfo = DrivePulseApp;
		};
		100000000000000000000021 /* PBXContainerItemProxy */ = {
			isa = PBXContainerItemProxy;
			containerPortal = 300000000000000000000001 /* Project object */;
			proxyType = 1;
			remoteGlobalIDString = 400000000000000000000004;
			remoteInfo = DrivePulseSMARTService;
		};
/* End PBXContainerItemProxy section */

/* Begin PBXCopyFilesBuildPhase section */
		300000000000000000000019 /* Embed Helper */ = {
			isa = PBXCopyFilesBuildPhase;
			buildActionMask = 2147483647;
			dstPath = Contents/Library/LaunchServices;
			dstSubfolderSpec = 1;
			files = (
				10000000000000000000001E /* com.drivepulse.smartservice in Embed Helper */,
			);
			name = "Embed Helper";
			runOnlyForDeploymentPostprocessing = 0;
		};
/* End PBXCopyFilesBuildPhase section */

/* Begin PBXFileReference section */
		200000000000000000000001 /* DrivePulseApp.swift */ = {isa = PBXFileReference; lastKnownFileType = sourcecode.swift; path = DrivePulseApp.swift; sourceTree = "<group>"; };
		200000000000000000000002 /* DrivePulseAppController.swift */ = {isa = PBXFileReference; lastKnownFileType = sourcecode.swift; path = DrivePulseAppController.swift; sourceTree = "<group>"; };
		200000000000000000000003 /* DrivePulseAppState.swift */ = {isa = PBXFileReference; lastKnownFileType = sourcecode.swift; path = DrivePulseAppState.swift; sourceTree = "<group>"; };
		200000000000000000000004 /* MenuBarRootView.swift */ = {isa = PBXFileReference; lastKnownFileType = sourcecode.swift; path = MenuBarRootView.swift; sourceTree = "<group>"; };
		200000000000000000000005 /* DevicePickerView.swift */ = {isa = PBXFileReference; lastKnownFileType = sourcecode.swift; path = DevicePickerView.swift; sourceTree = "<group>"; };
		200000000000000000000006 /* OverviewCardView.swift */ = {isa = PBXFileReference; lastKnownFileType = sourcecode.swift; path = OverviewCardView.swift; sourceTree = "<group>"; };
		200000000000000000000007 /* ThroughputCardView.swift */ = {isa = PBXFileReference; lastKnownFileType = sourcecode.swift; path = ThroughputCardView.swift; sourceTree = "<group>"; };
		200000000000000000000008 /* VolumesSectionView.swift */ = {isa = PBXFileReference; lastKnownFileType = sourcecode.swift; path = VolumesSectionView.swift; sourceTree = "<group>"; };
		200000000000000000000009 /* DetailsSectionView.swift */ = {isa = PBXFileReference; lastKnownFileType = sourcecode.swift; path = DetailsSectionView.swift; sourceTree = "<group>"; };
		20000000000000000000000A /* ActionBarView.swift */ = {isa = PBXFileReference; lastKnownFileType = sourcecode.swift; path = ActionBarView.swift; sourceTree = "<group>"; };
		20000000000000000000000B /* DrivePulseAppStateTests.swift */ = {isa = PBXFileReference; lastKnownFileType = sourcecode.swift; path = DrivePulseAppStateTests.swift; sourceTree = "<group>"; };
		20000000000000000000000C /* DrivePulseApp.app */ = {isa = PBXFileReference; explicitFileType = wrapper.application; includeInIndex = 0; path = DrivePulseApp.app; sourceTree = BUILT_PRODUCTS_DIR; };
		20000000000000000000000D /* DrivePulseAppTests.xctest */ = {isa = PBXFileReference; explicitFileType = wrapper.cfbundle; includeInIndex = 0; path = DrivePulseAppTests.xctest; sourceTree = BUILT_PRODUCTS_DIR; };
		20000000000000000000000E /* App.xcconfig */ = {isa = PBXFileReference; lastKnownFileType = text.xcconfig; path = xcconfigs/App.xcconfig; sourceTree = "<group>"; };
		20000000000000000000000F /* Base.xcconfig */ = {isa = PBXFileReference; lastKnownFileType = text.xcconfig; path = xcconfigs/Base.xcconfig; sourceTree = "<group>"; };
		200000000000000000000010 /* DrivePulseApp-Info.plist */ = {isa = PBXFileReference; lastKnownFileType = text.plist.xml; path = "Plists/DrivePulseApp-Info.plist"; sourceTree = "<group>"; };
		200000000000000000000011 /* Task6SettingsAndActionsTests.swift */ = {isa = PBXFileReference; lastKnownFileType = sourcecode.swift; path = Task6SettingsAndActionsTests.swift; sourceTree = "<group>"; };
		200000000000000000000012 /* SystemActions.swift */ = {isa = PBXFileReference; lastKnownFileType = sourcecode.swift; path = SystemActions.swift; sourceTree = "<group>"; };
		200000000000000000000013 /* LaunchAtLoginController.swift */ = {isa = PBXFileReference; lastKnownFileType = sourcecode.swift; path = LaunchAtLoginController.swift; sourceTree = "<group>"; };
		200000000000000000000014 /* SettingsView.swift */ = {isa = PBXFileReference; lastKnownFileType = sourcecode.swift; path = SettingsView.swift; sourceTree = "<group>"; };
		200000000000000000000015 /* Localizable.xcstrings */ = {isa = PBXFileReference; lastKnownFileType = text.json.xcstrings; path = Localizable.xcstrings; sourceTree = "<group>"; };
		200000000000000000000016 /* DrivePulseAppControllerTests.swift */ = {isa = PBXFileReference; lastKnownFileType = sourcecode.swift; path = DrivePulseAppControllerTests.swift; sourceTree = "<group>"; };
		200000000000000000000017 /* ExternalDeviceDiscoveryMapperTests.swift */ = {isa = PBXFileReference; lastKnownFileType = sourcecode.swift; path = ExternalDeviceDiscoveryMapperTests.swift; sourceTree = "<group>"; };
		200000000000000000000018 /* ExternalDeviceDiscovery.swift */ = {isa = PBXFileReference; lastKnownFileType = sourcecode.swift; path = ExternalDeviceDiscovery.swift; sourceTree = "<group>"; };
		200000000000000000000019 /* SMARTServiceClient.swift */ = {isa = PBXFileReference; lastKnownFileType = sourcecode.swift; path = SMARTServiceClient.swift; sourceTree = "<group>"; };
		20000000000000000000001A /* DrivePulseXPCContracts.swift */ = {isa = PBXFileReference; lastKnownFileType = sourcecode.swift; path = DrivePulseXPCContracts.swift; sourceTree = "<group>"; };
		20000000000000000000001B /* DrivePulseXPCMessages.swift */ = {isa = PBXFileReference; lastKnownFileType = sourcecode.swift; path = DrivePulseXPCMessages.swift; sourceTree = "<group>"; };
		20000000000000000000001C /* com.drivepulse.smartservice */ = {isa = PBXFileReference; explicitFileType = "compiled.mach-o.executable"; includeInIndex = 0; path = com.drivepulse.smartservice; sourceTree = BUILT_PRODUCTS_DIR; };
		20000000000000000000001D /* DrivePulseSMARTServiceMain.swift */ = {isa = PBXFileReference; lastKnownFileType = sourcecode.swift; path = DrivePulseSMARTServiceMain.swift; sourceTree = "<group>"; };
		20000000000000000000001E /* HelperVersionHandshake.swift */ = {isa = PBXFileReference; lastKnownFileType = sourcecode.swift; path = HelperVersionHandshake.swift; sourceTree = "<group>"; };
		20000000000000000000001F /* SMARTServiceClientTests.swift */ = {isa = PBXFileReference; lastKnownFileType = sourcecode.swift; path = SMARTServiceClientTests.swift; sourceTree = "<group>"; };
		200000000000000000000020 /* Helper.xcconfig */ = {isa = PBXFileReference; lastKnownFileType = text.xcconfig; path = xcconfigs/Helper.xcconfig; sourceTree = "<group>"; };
		200000000000000000000021 /* DrivePulseSMARTService-Info.plist */ = {isa = PBXFileReference; lastKnownFileType = text.plist.xml; path = "Plists/DrivePulseSMARTService-Info.plist"; sourceTree = "<group>"; };
		200000000000000000000022 /* Task7HelperPackagingTests.swift */ = {isa = PBXFileReference; lastKnownFileType = sourcecode.swift; path = Task7HelperPackagingTests.swift; sourceTree = "<group>"; };
		200000000000000000000023 /* com.drivepulse.smartservice.plist */ = {isa = PBXFileReference; lastKnownFileType = text.plist.xml; path = Launchd/com.drivepulse.smartservice.plist; sourceTree = "<group>"; };
		200000000000000000000024 /* DrivePulseSMARTXPCDelegate.swift */ = {isa = PBXFileReference; lastKnownFileType = sourcecode.swift; path = DrivePulseSMARTXPCDelegate.swift; sourceTree = "<group>"; };
		200000000000000000000025 /* DrivePulseSMARTService.swift */ = {isa = PBXFileReference; lastKnownFileType = sourcecode.swift; path = DrivePulseSMARTService.swift; sourceTree = "<group>"; };
		200000000000000000000026 /* SmartctlRunner.swift */ = {isa = PBXFileReference; lastKnownFileType = sourcecode.swift; path = SmartctlRunner.swift; sourceTree = "<group>"; };
		200000000000000000000027 /* TransportHintResolver.swift */ = {isa = PBXFileReference; lastKnownFileType = sourcecode.swift; path = TransportHintResolver.swift; sourceTree = "<group>"; };
		200000000000000000000028 /* HelperInstaller.swift */ = {isa = PBXFileReference; lastKnownFileType = sourcecode.swift; path = HelperInstaller.swift; sourceTree = "<group>"; };
		200000000000000000000029 /* PanelSection.swift */ = {isa = PBXFileReference; lastKnownFileType = sourcecode.swift; path = PanelSection.swift; sourceTree = "<group>"; };
		20000000000000000000002A /* IOKitDiskSampler.swift */ = {isa = PBXFileReference; lastKnownFileType = sourcecode.swift; path = IOKitDiskSampler.swift; sourceTree = "<group>"; };
		20000000000000000000002B /* ThroughputChartModelTests.swift */ = {isa = PBXFileReference; lastKnownFileType = sourcecode.swift; path = ThroughputChartModelTests.swift; sourceTree = "<group>"; };
		20000000000000000000002C /* SystemProfilerProvider.swift */ = {isa = PBXFileReference; lastKnownFileType = sourcecode.swift; path = SystemProfilerProvider.swift; sourceTree = "<group>"; };
		20000000000000000000002D /* DiskUtilAPFSProvider.swift */ = {isa = PBXFileReference; lastKnownFileType = sourcecode.swift; path = DiskUtilAPFSProvider.swift; sourceTree = "<group>"; };
		20000000000000000000002E /* VolumeCapacityRefresher.swift */ = {isa = PBXFileReference; lastKnownFileType = sourcecode.swift; path = VolumeCapacityRefresher.swift; sourceTree = "<group>"; };
		200000000000000000000030 /* VolumesPartitionsCardView.swift */ = {isa = PBXFileReference; lastKnownFileType = sourcecode.swift; path = VolumesPartitionsCardView.swift; sourceTree = "<group>"; };
		200000000000000000000031 /* ConnectionNVMeCardView.swift */ = {isa = PBXFileReference; lastKnownFileType = sourcecode.swift; path = ConnectionNVMeCardView.swift; sourceTree = "<group>"; };
		200000000000000000000032 /* DeviceIdentityCardView.swift */ = {isa = PBXFileReference; lastKnownFileType = sourcecode.swift; path = DeviceIdentityCardView.swift; sourceTree = "<group>"; };
		200000000000000000000033 /* HealthSMARTCardView.swift */ = {isa = PBXFileReference; lastKnownFileType = sourcecode.swift; path = HealthSMARTCardView.swift; sourceTree = "<group>"; };
		200000000000000000000034 /* TemperatureCardView.swift */ = {isa = PBXFileReference; lastKnownFileType = sourcecode.swift; path = TemperatureCardView.swift; sourceTree = "<group>"; };
		200000000000000000000035 /* DeviceIdentityCardViewTests.swift */ = {isa = PBXFileReference; lastKnownFileType = sourcecode.swift; path = DeviceIdentityCardViewTests.swift; sourceTree = "<group>"; };
		200000000000000000000036 /* PanelPlaceholderTests.swift */ = {isa = PBXFileReference; lastKnownFileType = sourcecode.swift; path = PanelPlaceholderTests.swift; sourceTree = "<group>"; };
		200000000000000000000037 /* StorageLocationsTests.swift */ = {isa = PBXFileReference; lastKnownFileType = sourcecode.swift; path = StorageLocationsTests.swift; sourceTree = "<group>"; };
		200000000000000000000038 /* StorageLocations.swift */ = {isa = PBXFileReference; lastKnownFileType = sourcecode.swift; path = StorageLocations.swift; sourceTree = "<group>"; };
		200000000000000000000039 /* PrivacyInfo.xcprivacy */ = {isa = PBXFileReference; lastKnownFileType = text.plist.xml; path = PrivacyInfo.xcprivacy; sourceTree = "<group>"; };
		20000000000000000000003A /* OverviewCardViewTests.swift */ = {isa = PBXFileReference; lastKnownFileType = sourcecode.swift; path = OverviewCardViewTests.swift; sourceTree = "<group>"; };
		20000000000000000000003B /* Assets.xcassets */ = {isa = PBXFileReference; lastKnownFileType = folder.assetcatalog; path = Assets.xcassets; sourceTree = "<group>"; };
		20000000000000000000003C /* SettingsWindowActivator.swift */ = {isa = PBXFileReference; lastKnownFileType = sourcecode.swift; path = SettingsWindowActivator.swift; sourceTree = "<group>"; };
		20000000000000000000003D /* EjectModelsTests.swift */ = {isa = PBXFileReference; lastKnownFileType = sourcecode.swift; path = EjectModelsTests.swift; sourceTree = "<group>"; };
		20000000000000000000003E /* EjectModels.swift */ = {isa = PBXFileReference; lastKnownFileType = sourcecode.swift; path = EjectModels.swift; sourceTree = "<group>"; };
		20000000000000000000003F /* EjectTargetResolverTests.swift */ = {isa = PBXFileReference; lastKnownFileType = sourcecode.swift; path = EjectTargetResolverTests.swift; sourceTree = "<group>"; };
		200000000000000000000040 /* EjectTargetResolver.swift */ = {isa = PBXFileReference; lastKnownFileType = sourcecode.swift; path = EjectTargetResolver.swift; sourceTree = "<group>"; };
		200000000000000000000041 /* DiskArbitrationErrorClassifierTests.swift */ = {isa = PBXFileReference; lastKnownFileType = sourcecode.swift; path = DiskArbitrationErrorClassifierTests.swift; sourceTree = "<group>"; };
		200000000000000000000042 /* DiskArbitrationErrorClassifier.swift */ = {isa = PBXFileReference; lastKnownFileType = sourcecode.swift; path = DiskArbitrationErrorClassifier.swift; sourceTree = "<group>"; };
		200000000000000000000043 /* unix-ebusy-status.json */ = {isa = PBXFileReference; lastKnownFileType = text.json; path = Fixtures/DiskArbitration/unix-ebusy-status.json; sourceTree = "<group>"; };
		200000000000000000000044 /* DiskArbitrationEjectClientTests.swift */ = {isa = PBXFileReference; lastKnownFileType = sourcecode.swift; path = DiskArbitrationEjectClientTests.swift; sourceTree = "<group>"; };
		200000000000000000000045 /* DiskArbitrationEjectClient.swift */ = {isa = PBXFileReference; lastKnownFileType = sourcecode.swift; path = DiskArbitrationEjectClient.swift; sourceTree = "<group>"; };
		200000000000000000000046 /* DeviceIOQuiescer.swift */ = {isa = PBXFileReference; lastKnownFileType = sourcecode.swift; path = DeviceIOQuiescer.swift; sourceTree = "<group>"; };
		200000000000000000000047 /* DeviceIOQuiescerTests.swift */ = {isa = PBXFileReference; lastKnownFileType = sourcecode.swift; path = DeviceIOQuiescerTests.swift; sourceTree = "<group>"; };
		200000000000000000000048 /* AppOccupancyScannerTests.swift */ = {isa = PBXFileReference; lastKnownFileType = sourcecode.swift; path = AppOccupancyScannerTests.swift; sourceTree = "<group>"; };
		200000000000000000000049 /* process-fd-snapshot.json */ = {isa = PBXFileReference; lastKnownFileType = text.json; path = Fixtures/OccupancyScanner/process-fd-snapshot.json; sourceTree = "<group>"; };
		20000000000000000000004A /* AppOccupancyScanner.swift */ = {isa = PBXFileReference; lastKnownFileType = sourcecode.swift; path = AppOccupancyScanner.swift; sourceTree = "<group>"; };
		20000000000000000000004B /* libproc.tbd */ = {isa = PBXFileReference; lastKnownFileType = "sourcecode.text-based-dylib-definition"; name = libproc.tbd; path = usr/lib/libproc.tbd; sourceTree = SDKROOT; };
		20000000000000000000004C /* OccupancyXPCMessageTests.swift */ = {isa = PBXFileReference; lastKnownFileType = sourcecode.swift; path = OccupancyXPCMessageTests.swift; sourceTree = "<group>"; };
		200000000000000000000050 /* HelperOccupancyRequestValidator.swift */ = {isa = PBXFileReference; lastKnownFileType = sourcecode.swift; path = HelperOccupancyRequestValidator.swift; sourceTree = "<group>"; };
		200000000000000000000051 /* HelperDiskTopologyResolver.swift */ = {isa = PBXFileReference; lastKnownFileType = sourcecode.swift; path = HelperDiskTopologyResolver.swift; sourceTree = "<group>"; };
		200000000000000000000052 /* HelperOccupancyScanner.swift */ = {isa = PBXFileReference; lastKnownFileType = sourcecode.swift; path = HelperOccupancyScanner.swift; sourceTree = "<group>"; };
		200000000000000000000053 /* HelperOccupancySecurityTests.swift */ = {isa = PBXFileReference; lastKnownFileType = sourcecode.swift; path = HelperOccupancySecurityTests.swift; sourceTree = "<group>"; };
		200000000000000000000054 /* DrivePulseSMARTServiceTests.xctest */ = {isa = PBXFileReference; explicitFileType = wrapper.cfbundle; includeInIndex = 0; path = DrivePulseSMARTServiceTests.xctest; sourceTree = BUILT_PRODUCTS_DIR; };
		200000000000000000000055 /* HelperOccupancyEndpoint.swift */ = {isa = PBXFileReference; lastKnownFileType = sourcecode.swift; path = HelperOccupancyEndpoint.swift; sourceTree = "<group>"; };
		200000000000000000000056 /* HelperTopologyCommandRunner.swift */ = {isa = PBXFileReference; lastKnownFileType = sourcecode.swift; path = HelperTopologyCommandRunner.swift; sourceTree = "<group>"; };
		200000000000000000000057 /* HelperAuthoritativeSnapshot.swift */ = {isa = PBXFileReference; lastKnownFileType = sourcecode.swift; path = HelperAuthoritativeSnapshot.swift; sourceTree = "<group>"; };
		200000000000000000000058 /* OccupancyScannerTests.swift */ = {isa = PBXFileReference; lastKnownFileType = sourcecode.swift; path = OccupancyScannerTests.swift; sourceTree = "<group>"; };
		200000000000000000000059 /* OccupancyScanner.swift */ = {isa = PBXFileReference; lastKnownFileType = sourcecode.swift; path = OccupancyScanner.swift; sourceTree = "<group>"; };
		20000000000000000000005A /* EjectCoordinatorTests.swift */ = {isa = PBXFileReference; lastKnownFileType = sourcecode.swift; path = EjectCoordinatorTests.swift; sourceTree = "<group>"; };
		20000000000000000000005B /* EjectCoordinator.swift */ = {isa = PBXFileReference; lastKnownFileType = sourcecode.swift; path = EjectCoordinator.swift; sourceTree = "<group>"; };
/* End PBXFileReference section */

/* Begin PBXFrameworksBuildPhase section */
		300000000000000000000010 /* Frameworks */ = {
			isa = PBXFrameworksBuildPhase;
			buildActionMask = 2147483647;
			files = (
				10000000000000000000004C /* libproc.tbd in Frameworks */,
				10000000000000000000000C /* DrivePulseCore in Frameworks */,
				E268DE9D187C136F974A3F7E /* MenuBarExtraAccess in Frameworks */,
			);
			runOnlyForDeploymentPostprocessing = 0;
		};
		300000000000000000000011 /* Frameworks */ = {
			isa = PBXFrameworksBuildPhase;
			buildActionMask = 2147483647;
			files = (
				10000000000000000000000D /* DrivePulseCore in Frameworks */,
			);
			runOnlyForDeploymentPostprocessing = 0;
		};
		300000000000000000000016 /* Frameworks */ = {
			isa = PBXFrameworksBuildPhase;
			buildActionMask = 2147483647;
			files = (
				10000000000000000000005A /* libproc.tbd in Frameworks */,
				100000000000000000000027 /* DrivePulseCore in Frameworks */,
			);
			runOnlyForDeploymentPostprocessing = 0;
		};
		300000000000000000000020 /* Frameworks */ = {
			isa = PBXFrameworksBuildPhase;
			buildActionMask = 2147483647;
			files = (
				100000000000000000000059 /* libproc.tbd in Frameworks */,
			);
			runOnlyForDeploymentPostprocessing = 0;
		};
/* End PBXFrameworksBuildPhase section */

/* Begin PBXGroup section */
		300000000000000000000002 = {
			isa = PBXGroup;
			children = (
				300000000000000000000003 /* DrivePulseApp */,
				30000000000000000000000D /* DrivePulseSMARTService */,
				300000000000000000000023 /* DrivePulseSMARTServiceTests */,
				300000000000000000000008 /* DrivePulseAppTests */,
				300000000000000000000009 /* Config */,
				30000000000000000000000B /* Shared */,
				30000000000000000000000A /* Products */,
			);
			sourceTree = "<group>";
		};
		300000000000000000000003 /* DrivePulseApp */ = {
			isa = PBXGroup;
			children = (
				300000000000000000000004 /* App */,
				30000000000000000000001C /* Metrics */,
				300000000000000000000006 /* Integration */,
				300000000000000000000005 /* UI */,
				300000000000000000000007 /* Localization */,
				30000000000000000000001D /* Resources */,
				30000000000000000000001E /* Eject */,
				200000000000000000000039 /* PrivacyInfo.xcprivacy */,
			);
			path = Apps/DrivePulseApp;
			sourceTree = "<group>";
		};
		300000000000000000000004 /* App */ = {
			isa = PBXGroup;
			children = (
				200000000000000000000001 /* DrivePulseApp.swift */,
				200000000000000000000002 /* DrivePulseAppController.swift */,
				200000000000000000000003 /* DrivePulseAppState.swift */,
			);
			path = App;
			sourceTree = "<group>";
		};
		30000000000000000000001E /* Eject */ = {
			isa = PBXGroup;
			children = (
				200000000000000000000042 /* DiskArbitrationErrorClassifier.swift */,
				200000000000000000000045 /* DiskArbitrationEjectClient.swift */,
				200000000000000000000046 /* DeviceIOQuiescer.swift */,
				20000000000000000000004A /* AppOccupancyScanner.swift */,
				200000000000000000000059 /* OccupancyScanner.swift */,
				20000000000000000000005B /* EjectCoordinator.swift */,
				20000000000000000000003E /* EjectModels.swift */,
				200000000000000000000040 /* EjectTargetResolver.swift */,
			);
			path = Eject;
			sourceTree = "<group>";
		};
		300000000000000000000005 /* UI */ = {
			isa = PBXGroup;
			children = (
				200000000000000000000004 /* MenuBarRootView.swift */,
				200000000000000000000005 /* DevicePickerView.swift */,
				200000000000000000000006 /* OverviewCardView.swift */,
				200000000000000000000007 /* ThroughputCardView.swift */,
				200000000000000000000008 /* VolumesSectionView.swift */,
				200000000000000000000009 /* DetailsSectionView.swift */,
				20000000000000000000000A /* ActionBarView.swift */,
				200000000000000000000029 /* PanelSection.swift */,
				200000000000000000000030 /* VolumesPartitionsCardView.swift */,
				200000000000000000000031 /* ConnectionNVMeCardView.swift */,
				200000000000000000000032 /* DeviceIdentityCardView.swift */,
				200000000000000000000033 /* HealthSMARTCardView.swift */,
				200000000000000000000034 /* TemperatureCardView.swift */,
				200000000000000000000014 /* SettingsView.swift */,
			);
			path = UI;
			sourceTree = "<group>";
		};
		300000000000000000000006 /* Integration */ = {
			isa = PBXGroup;
			children = (
				200000000000000000000018 /* ExternalDeviceDiscovery.swift */,
				200000000000000000000019 /* SMARTServiceClient.swift */,
				200000000000000000000028 /* HelperInstaller.swift */,
				200000000000000000000012 /* SystemActions.swift */,
				20000000000000000000003C /* SettingsWindowActivator.swift */,
				200000000000000000000013 /* LaunchAtLoginController.swift */,
				20000000000000000000002C /* SystemProfilerProvider.swift */,
				20000000000000000000002D /* DiskUtilAPFSProvider.swift */,
				20000000000000000000002E /* VolumeCapacityRefresher.swift */,
				200000000000000000000038 /* StorageLocations.swift */,
			);
			path = Integration;
			sourceTree = "<group>";
		};
		300000000000000000000007 /* Localization */ = {
			isa = PBXGroup;
			children = (
				200000000000000000000015 /* Localizable.xcstrings */,
			);
			path = Localization;
			sourceTree = "<group>";
		};
		300000000000000000000008 /* DrivePulseAppTests */ = {
			isa = PBXGroup;
			children = (
				200000000000000000000017 /* ExternalDeviceDiscoveryMapperTests.swift */,
				200000000000000000000016 /* DrivePulseAppControllerTests.swift */,
				20000000000000000000000B /* DrivePulseAppStateTests.swift */,
				200000000000000000000035 /* DeviceIdentityCardViewTests.swift */,
				200000000000000000000036 /* PanelPlaceholderTests.swift */,
				20000000000000000000001F /* SMARTServiceClientTests.swift */,
				200000000000000000000037 /* StorageLocationsTests.swift */,
				20000000000000000000003A /* OverviewCardViewTests.swift */,
				20000000000000000000003D /* EjectModelsTests.swift */,
				20000000000000000000003F /* EjectTargetResolverTests.swift */,
				200000000000000000000041 /* DiskArbitrationErrorClassifierTests.swift */,
				200000000000000000000044 /* DiskArbitrationEjectClientTests.swift */,
				200000000000000000000047 /* DeviceIOQuiescerTests.swift */,
				200000000000000000000048 /* AppOccupancyScannerTests.swift */,
				20000000000000000000004C /* OccupancyXPCMessageTests.swift */,
				200000000000000000000058 /* OccupancyScannerTests.swift */,
				20000000000000000000005A /* EjectCoordinatorTests.swift */,
				200000000000000000000049 /* process-fd-snapshot.json */,
				200000000000000000000043 /* unix-ebusy-status.json */,
				200000000000000000000022 /* Task7HelperPackagingTests.swift */,
				200000000000000000000011 /* Task6SettingsAndActionsTests.swift */,
				20000000000000000000002B /* ThroughputChartModelTests.swift */,
			);
			path = Apps/DrivePulseAppTests;
			sourceTree = "<group>";
		};
		300000000000000000000009 /* Config */ = {
			isa = PBXGroup;
			children = (
				20000000000000000000000E /* App.xcconfig */,
				20000000000000000000000F /* Base.xcconfig */,
				200000000000000000000020 /* Helper.xcconfig */,
				200000000000000000000010 /* DrivePulseApp-Info.plist */,
				200000000000000000000021 /* DrivePulseSMARTService-Info.plist */,
			);
			path = Config;
			sourceTree = "<group>";
		};
		30000000000000000000000A /* Products */ = {
			isa = PBXGroup;
			children = (
				20000000000000000000000C /* DrivePulseApp.app */,
				20000000000000000000000D /* DrivePulseAppTests.xctest */,
				20000000000000000000001C /* com.drivepulse.smartservice */,
				200000000000000000000054 /* DrivePulseSMARTServiceTests.xctest */,
			);
			name = Products;
			sourceTree = "<group>";
		};
		30000000000000000000000B /* Shared */ = {
			isa = PBXGroup;
			children = (
				30000000000000000000000C /* XPCContracts */,
			);
			path = Shared;
			sourceTree = "<group>";
		};
		30000000000000000000000C /* XPCContracts */ = {
			isa = PBXGroup;
			children = (
				20000000000000000000001A /* DrivePulseXPCContracts.swift */,
				20000000000000000000001B /* DrivePulseXPCMessages.swift */,
			);
			path = XPCContracts;
			sourceTree = "<group>";
		};
		30000000000000000000000D /* DrivePulseSMARTService */ = {
			isa = PBXGroup;
			children = (
				30000000000000000000000E /* Service */,
				30000000000000000000001B /* XPC */,
				30000000000000000000001F /* Occupancy */,
				200000000000000000000023 /* com.drivepulse.smartservice.plist */,
			);
			path = Apps/DrivePulseSMARTService;
			sourceTree = "<group>";
		};
		30000000000000000000001F /* Occupancy */ = {
			isa = PBXGroup;
			children = (
				200000000000000000000050 /* HelperOccupancyRequestValidator.swift */,
				200000000000000000000051 /* HelperDiskTopologyResolver.swift */,
				200000000000000000000052 /* HelperOccupancyScanner.swift */,
				200000000000000000000055 /* HelperOccupancyEndpoint.swift */,
				200000000000000000000056 /* HelperTopologyCommandRunner.swift */,
				200000000000000000000057 /* HelperAuthoritativeSnapshot.swift */,
			);
			path = Occupancy;
			sourceTree = "<group>";
		};
		300000000000000000000023 /* DrivePulseSMARTServiceTests */ = {
			isa = PBXGroup;
			children = (
				200000000000000000000053 /* HelperOccupancySecurityTests.swift */,
			);
			path = Apps/DrivePulseSMARTServiceTests;
			sourceTree = "<group>";
		};
		30000000000000000000000E /* Service */ = {
			isa = PBXGroup;
			children = (
				20000000000000000000001D /* DrivePulseSMARTServiceMain.swift */,
				20000000000000000000001E /* HelperVersionHandshake.swift */,
				200000000000000000000025 /* DrivePulseSMARTService.swift */,
				200000000000000000000026 /* SmartctlRunner.swift */,
				200000000000000000000027 /* TransportHintResolver.swift */,
			);
			path = Service;
			sourceTree = "<group>";
		};
		30000000000000000000001B /* XPC */ = {
			isa = PBXGroup;
			children = (
				200000000000000000000024 /* DrivePulseSMARTXPCDelegate.swift */,
			);
			path = XPC;
			sourceTree = "<group>";
		};
		30000000000000000000001C /* Metrics */ = {
			isa = PBXGroup;
			children = (
				20000000000000000000002A /* IOKitDiskSampler.swift */,
			);
			path = Metrics;
			sourceTree = "<group>";
		};
		30000000000000000000001D /* Resources */ = {
			isa = PBXGroup;
			children = (
				20000000000000000000003B /* Assets.xcassets */,
			);
			path = Resources;
			sourceTree = "<group>";
		};
/* End PBXGroup section */

/* Begin PBXNativeTarget section */
		400000000000000000000001 /* DrivePulseApp */ = {
			isa = PBXNativeTarget;
			buildConfigurationList = 600000000000000000000002 /* Build configuration list for PBXNativeTarget "DrivePulseApp" */;
			buildPhases = (
				300000000000000000000012 /* Sources */,
				300000000000000000000010 /* Frameworks */,
				300000000000000000000013 /* Resources */,
				300000000000000000000019 /* Embed Helper */,
			);
			buildRules = (
			);
			dependencies = (
				400000000000000000000005 /* PBXTargetDependency */,
			);
			name = DrivePulseApp;
			packageProductDependencies = (
				500000000000000000000001 /* DrivePulseCore */,
				322662F17F85D329F8C03472 /* MenuBarExtraAccess */,
			);
			productName = DrivePulseApp;
			productReference = 20000000000000000000000C /* DrivePulseApp.app */;
			productType = "com.apple.product-type.application";
		};
		400000000000000000000002 /* DrivePulseAppTests */ = {
			isa = PBXNativeTarget;
			buildConfigurationList = 600000000000000000000003 /* Build configuration list for PBXNativeTarget "DrivePulseAppTests" */;
			buildPhases = (
				300000000000000000000014 /* Sources */,
				300000000000000000000011 /* Frameworks */,
				300000000000000000000015 /* Resources */,
			);
			buildRules = (
			);
			dependencies = (
				400000000000000000000003 /* PBXTargetDependency */,
			);
			name = DrivePulseAppTests;
			packageProductDependencies = (
				500000000000000000000002 /* DrivePulseCore */,
			);
			productName = DrivePulseAppTests;
			productReference = 20000000000000000000000D /* DrivePulseAppTests.xctest */;
			productType = "com.apple.product-type.bundle.unit-test";
		};
		400000000000000000000004 /* DrivePulseSMARTService */ = {
			isa = PBXNativeTarget;
			buildConfigurationList = 60000000000000000000000C /* Build configuration list for PBXNativeTarget "DrivePulseSMARTService" */;
			buildPhases = (
				30000000000000000000001A /* Prepare Launchd Plist */,
				300000000000000000000018 /* Sources */,
				300000000000000000000016 /* Frameworks */,
				300000000000000000000017 /* Resources */,
			);
			buildRules = (
			);
			dependencies = (
			);
			name = DrivePulseSMARTService;
			packageProductDependencies = (
				500000000000000000000004 /* DrivePulseCore */,
			);
			productName = DrivePulseSMARTService;
			productReference = 20000000000000000000001C /* com.drivepulse.smartservice */;
			productType = "com.apple.product-type.tool";
		};
		400000000000000000000006 /* DrivePulseSMARTServiceTests */ = {
			isa = PBXNativeTarget;
			buildConfigurationList = 60000000000000000000000D /* Build configuration list for PBXNativeTarget "DrivePulseSMARTServiceTests" */;
			buildPhases = (
				300000000000000000000021 /* Sources */,
				300000000000000000000020 /* Frameworks */,
				300000000000000000000022 /* Resources */,
			);
			buildRules = ();
			dependencies = ();
			name = DrivePulseSMARTServiceTests;
			packageProductDependencies = ();
			productName = DrivePulseSMARTServiceTests;
			productReference = 200000000000000000000054 /* DrivePulseSMARTServiceTests.xctest */;
			productType = "com.apple.product-type.bundle.unit-test";
		};
/* End PBXNativeTarget section */

/* Begin PBXProject section */
		300000000000000000000001 /* Project object */ = {
			isa = PBXProject;
			attributes = {
				LastUpgradeCheck = 1600;
				TargetAttributes = {
					400000000000000000000001 = {
						CreatedOnToolsVersion = 16.0;
					};
					400000000000000000000002 = {
						CreatedOnToolsVersion = 16.0;
					};
					400000000000000000000004 = {
						CreatedOnToolsVersion = 16.0;
					};
					400000000000000000000006 = { CreatedOnToolsVersion = 16.0; };
				};
			};
			buildConfigurationList = 600000000000000000000001 /* Build configuration list for PBXProject "DrivePulse" */;
			compatibilityVersion = "Xcode 15.0";
			developmentRegion = en;
			hasScannedForEncodings = 0;
			knownRegions = (
				en,
				Base,
				"zh-Hans",
				"zh-Hant",
			);
			mainGroup = 300000000000000000000002;
			packageReferences = (
				500000000000000000000003 /* XCLocalSwiftPackageReference "DrivePulseCore" */,
				8832A9379E3BBB9A435FCE32 /* XCRemoteSwiftPackageReference "MenuBarExtraAccess" */,
			);
			productRefGroup = 30000000000000000000000A /* Products */;
			projectDirPath = "";
			projectRoot = "";
			targets = (
				400000000000000000000001 /* DrivePulseApp */,
				400000000000000000000002 /* DrivePulseAppTests */,
				400000000000000000000004 /* DrivePulseSMARTService */,
				400000000000000000000006 /* DrivePulseSMARTServiceTests */,
			);
		};
/* End PBXProject section */

/* Begin PBXResourcesBuildPhase section */
		300000000000000000000013 /* Resources */ = {
			isa = PBXResourcesBuildPhase;
			buildActionMask = 2147483647;
			files = (
				10000000000000000000003B /* Assets.xcassets in Resources */,
				100000000000000000000012 /* Localizable.xcstrings in Resources */,
				100000000000000000000039 /* PrivacyInfo.xcprivacy in Resources */,
			);
			runOnlyForDeploymentPostprocessing = 0;
		};
		300000000000000000000015 /* Resources */ = {
			isa = PBXResourcesBuildPhase;
			buildActionMask = 2147483647;
			files = (
				100000000000000000000043 /* unix-ebusy-status.json in Resources */,
				10000000000000000000004A /* process-fd-snapshot.json in Resources */,
			);
			runOnlyForDeploymentPostprocessing = 0;
		};
		300000000000000000000017 /* Resources */ = {
			isa = PBXResourcesBuildPhase;
			buildActionMask = 2147483647;
			files = (
			);
			runOnlyForDeploymentPostprocessing = 0;
		};
		300000000000000000000022 /* Resources */ = {
			isa = PBXResourcesBuildPhase;
			buildActionMask = 2147483647;
			files = ();
			runOnlyForDeploymentPostprocessing = 0;
		};
/* End PBXResourcesBuildPhase section */

/* Begin PBXShellScriptBuildPhase section */
		30000000000000000000001A /* Prepare Launchd Plist */ = {
			isa = PBXShellScriptBuildPhase;
			buildActionMask = 2147483647;
			files = (
			);
			inputFileListPaths = (
			);
			inputPaths = (
				"$(HELPER_LAUNCHD_PLIST_SOURCE_FILE)",
			);
			name = "Prepare Launchd Plist";
			outputFileListPaths = (
			);
			outputPaths = (
				"$(HELPER_LAUNCHD_PLIST_DERIVED_FILE)",
			);
			runOnlyForDeploymentPostprocessing = 0;
			shellPath = /bin/sh;
			shellScript = "output_dir=${SCRIPT_OUTPUT_FILE_0%/*}\nmkdir -p \"$output_dir\"\ncp -f \"$SCRIPT_INPUT_FILE_0\" \"$SCRIPT_OUTPUT_FILE_0\"\n";
		};
/* End PBXShellScriptBuildPhase section */

/* Begin PBXSourcesBuildPhase section */
		300000000000000000000012 /* Sources */ = {
			isa = PBXSourcesBuildPhase;
			buildActionMask = 2147483647;
			files = (
				100000000000000000000001 /* DrivePulseApp.swift in Sources */,
				100000000000000000000002 /* DrivePulseAppController.swift in Sources */,
				100000000000000000000003 /* DrivePulseAppState.swift in Sources */,
				100000000000000000000004 /* MenuBarRootView.swift in Sources */,
				100000000000000000000005 /* DevicePickerView.swift in Sources */,
				100000000000000000000006 /* OverviewCardView.swift in Sources */,
				100000000000000000000007 /* ThroughputCardView.swift in Sources */,
				100000000000000000000008 /* VolumesSectionView.swift in Sources */,
				100000000000000000000009 /* DetailsSectionView.swift in Sources */,
				10000000000000000000000A /* ActionBarView.swift in Sources */,
				100000000000000000000029 /* PanelSection.swift in Sources */,
				100000000000000000000030 /* VolumesPartitionsCardView.swift in Sources */,
				100000000000000000000031 /* ConnectionNVMeCardView.swift in Sources */,
				100000000000000000000032 /* DeviceIdentityCardView.swift in Sources */,
				100000000000000000000033 /* HealthSMARTCardView.swift in Sources */,
				100000000000000000000034 /* TemperatureCardView.swift in Sources */,
				100000000000000000000015 /* ExternalDeviceDiscovery.swift in Sources */,
				100000000000000000000016 /* SMARTServiceClient.swift in Sources */,
				100000000000000000000028 /* HelperInstaller.swift in Sources */,
				10000000000000000000002A /* IOKitDiskSampler.swift in Sources */,
				10000000000000000000000F /* SystemActions.swift in Sources */,
				10000000000000000000003C /* SettingsWindowActivator.swift in Sources */,
				100000000000000000000010 /* LaunchAtLoginController.swift in Sources */,
				10000000000000000000002C /* SystemProfilerProvider.swift in Sources */,
				10000000000000000000002D /* DiskUtilAPFSProvider.swift in Sources */,
				10000000000000000000002E /* VolumeCapacityRefresher.swift in Sources */,
				100000000000000000000038 /* StorageLocations.swift in Sources */,
				100000000000000000000011 /* SettingsView.swift in Sources */,
				100000000000000000000017 /* DrivePulseXPCContracts.swift in Sources */,
				100000000000000000000018 /* DrivePulseXPCMessages.swift in Sources */,
				10000000000000000000003E /* EjectModels.swift in Sources */,
				100000000000000000000040 /* EjectTargetResolver.swift in Sources */,
				100000000000000000000042 /* DiskArbitrationErrorClassifier.swift in Sources */,
				100000000000000000000046 /* DiskArbitrationEjectClient.swift in Sources */,
				100000000000000000000047 /* DeviceIOQuiescer.swift in Sources */,
				10000000000000000000004B /* AppOccupancyScanner.swift in Sources */,
				100000000000000000000062 /* OccupancyScanner.swift in Sources */,
				100000000000000000000064 /* EjectCoordinator.swift in Sources */,
			);
			runOnlyForDeploymentPostprocessing = 0;
		};
		300000000000000000000014 /* Sources */ = {
			isa = PBXSourcesBuildPhase;
			buildActionMask = 2147483647;
			files = (
				100000000000000000000014 /* ExternalDeviceDiscoveryMapperTests.swift in Sources */,
				100000000000000000000013 /* DrivePulseAppControllerTests.swift in Sources */,
				10000000000000000000000B /* DrivePulseAppStateTests.swift in Sources */,
				100000000000000000000035 /* DeviceIdentityCardViewTests.swift in Sources */,
				100000000000000000000036 /* PanelPlaceholderTests.swift in Sources */,
				10000000000000000000001D /* SMARTServiceClientTests.swift in Sources */,
				100000000000000000000037 /* StorageLocationsTests.swift in Sources */,
				10000000000000000000003A /* OverviewCardViewTests.swift in Sources */,
				10000000000000000000003D /* EjectModelsTests.swift in Sources */,
				10000000000000000000003F /* EjectTargetResolverTests.swift in Sources */,
				100000000000000000000041 /* DiskArbitrationErrorClassifierTests.swift in Sources */,
				100000000000000000000045 /* DiskArbitrationEjectClientTests.swift in Sources */,
				100000000000000000000048 /* DeviceIOQuiescerTests.swift in Sources */,
				100000000000000000000049 /* AppOccupancyScannerTests.swift in Sources */,
				10000000000000000000004D /* OccupancyXPCMessageTests.swift in Sources */,
				100000000000000000000061 /* OccupancyScannerTests.swift in Sources */,
				100000000000000000000063 /* EjectCoordinatorTests.swift in Sources */,
				100000000000000000000022 /* Task7HelperPackagingTests.swift in Sources */,
				10000000000000000000000E /* Task6SettingsAndActionsTests.swift in Sources */,
				10000000000000000000002B /* ThroughputChartModelTests.swift in Sources */,
			);
			runOnlyForDeploymentPostprocessing = 0;
		};
		300000000000000000000018 /* Sources */ = {
			isa = PBXSourcesBuildPhase;
			buildActionMask = 2147483647;
			files = (
				100000000000000000000019 /* DrivePulseSMARTServiceMain.swift in Sources */,
				10000000000000000000001A /* HelperVersionHandshake.swift in Sources */,
				10000000000000000000001B /* DrivePulseXPCContracts.swift in Sources */,
				10000000000000000000001C /* DrivePulseXPCMessages.swift in Sources */,
				100000000000000000000023 /* DrivePulseSMARTXPCDelegate.swift in Sources */,
				100000000000000000000024 /* DrivePulseSMARTService.swift in Sources */,
				100000000000000000000025 /* SmartctlRunner.swift in Sources */,
				100000000000000000000026 /* TransportHintResolver.swift in Sources */,
				100000000000000000000050 /* HelperOccupancyRequestValidator.swift in Sources */,
				100000000000000000000051 /* HelperDiskTopologyResolver.swift in Sources */,
				100000000000000000000052 /* HelperOccupancyScanner.swift in Sources */,
				10000000000000000000005B /* HelperOccupancyEndpoint.swift in Sources */,
				10000000000000000000005D /* HelperTopologyCommandRunner.swift in Sources */,
				10000000000000000000005F /* HelperAuthoritativeSnapshot.swift in Sources */,
			);
			runOnlyForDeploymentPostprocessing = 0;
		};
		300000000000000000000021 /* Sources */ = {
			isa = PBXSourcesBuildPhase;
			buildActionMask = 2147483647;
			files = (
				100000000000000000000053 /* HelperOccupancySecurityTests.swift in Sources */,
				100000000000000000000054 /* HelperOccupancyRequestValidator.swift in Sources */,
				100000000000000000000055 /* HelperDiskTopologyResolver.swift in Sources */,
				100000000000000000000056 /* HelperOccupancyScanner.swift in Sources */,
				10000000000000000000005C /* HelperOccupancyEndpoint.swift in Sources */,
				10000000000000000000005E /* HelperTopologyCommandRunner.swift in Sources */,
				100000000000000000000060 /* HelperAuthoritativeSnapshot.swift in Sources */,
				100000000000000000000057 /* DrivePulseXPCMessages.swift in Sources */,
				100000000000000000000058 /* DrivePulseXPCContracts.swift in Sources */,
			);
			runOnlyForDeploymentPostprocessing = 0;
		};
/* End PBXSourcesBuildPhase section */

/* Begin PBXTargetDependency section */
		400000000000000000000003 /* PBXTargetDependency */ = {
			isa = PBXTargetDependency;
			target = 400000000000000000000001 /* DrivePulseApp */;
			targetProxy = 100000000000000000000020 /* PBXContainerItemProxy */;
		};
		400000000000000000000005 /* PBXTargetDependency */ = {
			isa = PBXTargetDependency;
			target = 400000000000000000000004 /* DrivePulseSMARTService */;
			targetProxy = 100000000000000000000021 /* PBXContainerItemProxy */;
		};
/* End PBXTargetDependency section */

/* Begin XCBuildConfiguration section */
		600000000000000000000004 /* Debug */ = {
			isa = XCBuildConfiguration;
			buildSettings = {
				ALWAYS_SEARCH_USER_PATHS = NO;
				CODE_SIGNING_ALLOWED = NO;
				MACOSX_DEPLOYMENT_TARGET = 15.0;
				SDKROOT = macosx;
				SUPPORTED_PLATFORMS = macosx;
				SWIFT_VERSION = 6.0;
			};
			name = Debug;
		};
		600000000000000000000005 /* Release */ = {
			isa = XCBuildConfiguration;
			buildSettings = {
				ALWAYS_SEARCH_USER_PATHS = NO;
				CODE_SIGNING_ALLOWED = NO;
				MACOSX_DEPLOYMENT_TARGET = 15.0;
				SDKROOT = macosx;
				SUPPORTED_PLATFORMS = macosx;
				SWIFT_VERSION = 6.0;
			};
			name = Release;
		};
		600000000000000000000006 /* Debug */ = {
			isa = XCBuildConfiguration;
			baseConfigurationReference = 20000000000000000000000E /* App.xcconfig */;
			buildSettings = {
				ASSETCATALOG_COMPILER_APPICON_NAME = AppIcon;
				CODE_SIGNING_ALLOWED = NO;
				"CODE_SIGN_IDENTITY[sdk=macosx*]" = "Apple Development";
				CURRENT_PROJECT_VERSION = 1;
				DEVELOPMENT_TEAM = DS4FSRW7VS;
				ENABLE_TESTABILITY = YES;
				MARKETING_VERSION = 1.0;
				ONLY_ACTIVE_ARCH = YES;
				PRODUCT_NAME = "$(TARGET_NAME)";
				SWIFT_OPTIMIZATION_LEVEL = "-Onone";
			};
			name = Debug;
		};
		600000000000000000000007 /* Release */ = {
			isa = XCBuildConfiguration;
			baseConfigurationReference = 20000000000000000000000E /* App.xcconfig */;
			buildSettings = {
				ASSETCATALOG_COMPILER_APPICON_NAME = AppIcon;
				CODE_SIGNING_ALLOWED = NO;
				"CODE_SIGN_IDENTITY[sdk=macosx*]" = "Apple Development";
				CURRENT_PROJECT_VERSION = 1;
				DEVELOPMENT_TEAM = DS4FSRW7VS;
				MARKETING_VERSION = 1.0;
				PRODUCT_NAME = "$(TARGET_NAME)";
			};
			name = Release;
		};
		600000000000000000000008 /* Debug */ = {
			isa = XCBuildConfiguration;
			baseConfigurationReference = 20000000000000000000000F /* Base.xcconfig */;
			buildSettings = {
				BUNDLE_LOADER = "$(TEST_HOST)";
				CODE_SIGNING_ALLOWED = NO;
				CURRENT_PROJECT_VERSION = 1;
				ENABLE_TESTABILITY = YES;
				GENERATE_INFOPLIST_FILE = YES;
				LD_RUNPATH_SEARCH_PATHS = "@loader_path/../Frameworks";
				MARKETING_VERSION = 1.0;
				ONLY_ACTIVE_ARCH = YES;
				PRODUCT_BUNDLE_IDENTIFIER = com.drivepulse.app.tests;
				PRODUCT_NAME = "$(TARGET_NAME)";
				SWIFT_OPTIMIZATION_LEVEL = "-Onone";
				TEST_HOST = "$(BUILT_PRODUCTS_DIR)/DrivePulseApp.app/Contents/MacOS/DrivePulseApp";
			};
			name = Debug;
		};
		600000000000000000000009 /* Release */ = {
			isa = XCBuildConfiguration;
			baseConfigurationReference = 20000000000000000000000F /* Base.xcconfig */;
			buildSettings = {
				BUNDLE_LOADER = "$(TEST_HOST)";
				CODE_SIGNING_ALLOWED = NO;
				CURRENT_PROJECT_VERSION = 1;
				GENERATE_INFOPLIST_FILE = YES;
				LD_RUNPATH_SEARCH_PATHS = "@loader_path/../Frameworks";
				MARKETING_VERSION = 1.0;
				PRODUCT_BUNDLE_IDENTIFIER = com.drivepulse.app.tests;
				PRODUCT_NAME = "$(TARGET_NAME)";
				TEST_HOST = "$(BUILT_PRODUCTS_DIR)/DrivePulseApp.app/Contents/MacOS/DrivePulseApp";
			};
			name = Release;
		};
		60000000000000000000000A /* Debug */ = {
			isa = XCBuildConfiguration;
			baseConfigurationReference = 200000000000000000000020 /* Helper.xcconfig */;
			buildSettings = {
				CODE_SIGNING_ALLOWED = NO;
				CURRENT_PROJECT_VERSION = 1;
				ENABLE_TESTABILITY = YES;
				MARKETING_VERSION = 1.0;
				ONLY_ACTIVE_ARCH = YES;
				SWIFT_OPTIMIZATION_LEVEL = "-Onone";
			};
			name = Debug;
		};
		60000000000000000000000B /* Release */ = {
			isa = XCBuildConfiguration;
			baseConfigurationReference = 200000000000000000000020 /* Helper.xcconfig */;
			buildSettings = {
				CODE_SIGNING_ALLOWED = NO;
				CURRENT_PROJECT_VERSION = 1;
				MARKETING_VERSION = 1.0;
			};
			name = Release;
		};
		60000000000000000000000C1 /* Debug */ = {
			isa = XCBuildConfiguration;
			baseConfigurationReference = 20000000000000000000000F /* Base.xcconfig */;
			buildSettings = {
				CODE_SIGNING_ALLOWED = NO;
				GENERATE_INFOPLIST_FILE = YES;
				MACOSX_DEPLOYMENT_TARGET = 15.0;
				ONLY_ACTIVE_ARCH = YES;
				PRODUCT_BUNDLE_IDENTIFIER = com.drivepulse.smartservice.tests;
				PRODUCT_NAME = "$(TARGET_NAME)";
				SWIFT_OPTIMIZATION_LEVEL = "-Onone";
			};
			name = Debug;
		};
		60000000000000000000000C2 /* Release */ = {
			isa = XCBuildConfiguration;
			baseConfigurationReference = 20000000000000000000000F /* Base.xcconfig */;
			buildSettings = {
				CODE_SIGNING_ALLOWED = NO;
				GENERATE_INFOPLIST_FILE = YES;
				MACOSX_DEPLOYMENT_TARGET = 15.0;
				PRODUCT_BUNDLE_IDENTIFIER = com.drivepulse.smartservice.tests;
				PRODUCT_NAME = "$(TARGET_NAME)";
			};
			name = Release;
		};
/* End XCBuildConfiguration section */

/* Begin XCConfigurationList section */
		600000000000000000000001 /* Build configuration list for PBXProject "DrivePulse" */ = {
			isa = XCConfigurationList;
			buildConfigurations = (
				600000000000000000000004 /* Debug */,
				600000000000000000000005 /* Release */,
			);
			defaultConfigurationIsVisible = 0;
			defaultConfigurationName = Release;
		};
		600000000000000000000002 /* Build configuration list for PBXNativeTarget "DrivePulseApp" */ = {
			isa = XCConfigurationList;
			buildConfigurations = (
				600000000000000000000006 /* Debug */,
				600000000000000000000007 /* Release */,
			);
			defaultConfigurationIsVisible = 0;
			defaultConfigurationName = Release;
		};
		600000000000000000000003 /* Build configuration list for PBXNativeTarget "DrivePulseAppTests" */ = {
			isa = XCConfigurationList;
			buildConfigurations = (
				600000000000000000000008 /* Debug */,
				600000000000000000000009 /* Release */,
			);
			defaultConfigurationIsVisible = 0;
			defaultConfigurationName = Release;
		};
		60000000000000000000000C /* Build configuration list for PBXNativeTarget "DrivePulseSMARTService" */ = {
			isa = XCConfigurationList;
			buildConfigurations = (
				60000000000000000000000A /* Debug */,
				60000000000000000000000B /* Release */,
			);
			defaultConfigurationIsVisible = 0;
			defaultConfigurationName = Release;
		};
		60000000000000000000000D /* Build configuration list for PBXNativeTarget "DrivePulseSMARTServiceTests" */ = {
			isa = XCConfigurationList;
			buildConfigurations = (
				60000000000000000000000C1 /* Debug */,
				60000000000000000000000C2 /* Release */,
			);
			defaultConfigurationIsVisible = 0;
			defaultConfigurationName = Release;
		};
/* End XCConfigurationList section */

/* Begin XCLocalSwiftPackageReference section */
		500000000000000000000003 /* XCLocalSwiftPackageReference "DrivePulseCore" */ = {
			isa = XCLocalSwiftPackageReference;
			relativePath = Packages/DrivePulseCore;
		};
/* End XCLocalSwiftPackageReference section */

/* Begin XCRemoteSwiftPackageReference section */
		8832A9379E3BBB9A435FCE32 /* XCRemoteSwiftPackageReference "MenuBarExtraAccess" */ = {
			isa = XCRemoteSwiftPackageReference;
			repositoryURL = "https://github.com/orchetect/MenuBarExtraAccess";
			requirement = {
				kind = upToNextMajorVersion;
				minimumVersion = 1.3.0;
			};
		};
/* End XCRemoteSwiftPackageReference section */

/* Begin XCSwiftPackageProductDependency section */
		322662F17F85D329F8C03472 /* MenuBarExtraAccess */ = {
			isa = XCSwiftPackageProductDependency;
			package = 8832A9379E3BBB9A435FCE32 /* XCRemoteSwiftPackageReference "MenuBarExtraAccess" */;
			productName = MenuBarExtraAccess;
		};
		500000000000000000000001 /* DrivePulseCore */ = {
			isa = XCSwiftPackageProductDependency;
			package = 500000000000000000000003 /* XCLocalSwiftPackageReference "DrivePulseCore" */;
			productName = DrivePulseCore;
		};
		500000000000000000000002 /* DrivePulseCore */ = {
			isa = XCSwiftPackageProductDependency;
			package = 500000000000000000000003 /* XCLocalSwiftPackageReference "DrivePulseCore" */;
			productName = DrivePulseCore;
		};
		500000000000000000000004 /* DrivePulseCore */ = {
			isa = XCSwiftPackageProductDependency;
			package = 500000000000000000000003 /* XCLocalSwiftPackageReference "DrivePulseCore" */;
			productName = DrivePulseCore;
		};
/* End XCSwiftPackageProductDependency section */
	};
	rootObject = 300000000000000000000001 /* Project object */;
}
